<Solution>
  <Project Path="HospitalSystem.API/HospitalSystem.API.csproj" />
  <Project Path="HospitalSystem.Application/HospitalSystem.Application.csproj" />
  <Project Path="HospitalSystem.Domain/HospitalSystem.Domain.csproj" />
  <Project Path="HospitalSystem.Infrastructure/HospitalSystem.Infrastructure.csproj" />
  <Project Path="HospitalSystem.Shared/HospitalSystem.Shared.csproj" />
</Solution>
